{
  "version": 4,
  "terraform_version": "1.10.4",
  "serial": 11,
  "lineage": "bbc3af28-bd0b-03a2-ab6c-b24275d22232",
  "outputs": {
    "ec2_rsa_key_id": {
      "value": "deployer-key",
      "type": "string"
    },
    "ec2_rsa_key_key_arn": {
      "value": "arn:aws:ec2:ap-southeast-1:820242905231:key-pair/deployer-key",
      "type": "string"
    },
    "ec2_rsa_key_key_name": {
      "value": "deployer-key",
      "type": "string"
    },
    "ec2_rsa_key_key_pair_id": {
      "value": "key-0b538aaad3e265d08",
      "type": "string"
    },
    "ec2_rsa_key_key_type": {
      "value": "ed25519",
      "type": "string"
    }
  },
  "resources": [
    {
      "mode": "managed",
      "type": "aws_key_pair",
      "name": "ec2_rsa_key",
      "provider": "provider[\"registry.terraform.io/hashicorp/aws\"]",
      "instances": [
        {
          "schema_version": 1,
          "attributes": {
            "arn": "arn:aws:ec2:ap-southeast-1:820242905231:key-pair/deployer-key",
            "fingerprint": "RWwcx5PNJXwHsFLu/GGou9qIy06ibTbu4s2FvrHPtzk=",
            "id": "deployer-key",
            "key_name": "deployer-key",
            "key_name_prefix": "",
            "key_pair_id": "key-0b538aaad3e265d08",
            "key_type": "ed25519",
            "public_key": "ssh-ed25519 AAAAC3NzaC1lZDI1NTE5AAAAIH3SAYY5CE8cVCO2e0OqUajNoWXPNUFOi7uFzeDkrwDx ei-ei-phyo@ei-ei-phyo-Zenbook-UX3402ZA-UX3402ZA",
            "tags": null,
            "tags_all": {}
          },
          "sensitive_attributes": [],
          "private": "eyJzY2hlbWFfdmVyc2lvbiI6IjEifQ=="
        }
      ]
    }
  ],
  "check_results": null
}
